
Microsoft Visual Studio Solution File, Format Version 12.00
# Visual Studio Version 17
VisualStudioVersion = 17.2.32616.157
MinimumVisualStudioVersion = 10.0.40219.1
Project("{9A19103F-16F7-4668-BE54-9A1E7A4F7556}") = "UnicornToys.Domain", "UnicornToys.Domain\UnicornToys.Domain.csproj", "{302634E0-463E-42B2-90EF-E47253D69DAF}"
EndProject
Project("{9A19103F-16F7-4668-BE54-9A1E7A4F7556}") = "UnicornToys.Persistence", "UnicornToys.Persistence\UnicornToys.Persistence.csproj", "{C8F2A93E-991B-447F-A5C0-72E179F3E98E}"
EndProject
Project("{9A19103F-16F7-4668-BE54-9A1E7A4F7556}") = "UnicornToys.Application", "UnicornToys.Application\UnicornToys.Application.csproj", "{0FC5530A-A960-4C37-A990-31582625666F}"
EndProject
Project("{54A90642-561A-4BB1-A94E-469ADEE60C69}") = "UnicornToys.Front", "UnicornToys.Front\UnicornToys.Front.esproj", "{5BD20D4E-BCDF-426E-A737-9AED9DB0A85A}"
EndProject
Project("{9A19103F-16F7-4668-BE54-9A1E7A4F7556}") = "UnicornToys.API", "UnicornToys.API\UnicornToys.API.csproj", "{DE78D970-67A0-43B8-9F16-174759D133AD}"
EndProject
Project("{2150E333-8FDC-42A3-9474-1A3956D46DE8}") = "Core", "Core", "{79E3386A-3093-473A-8EB9-818C3223B9B4}"
EndProject
Project("{2150E333-8FDC-42A3-9474-1A3956D46DE8}") = "Infrastructure", "Infrastructure", "{71D40E15-6BFE-49E4-8A37-8CD541BB77DE}"
EndProject
Project("{2150E333-8FDC-42A3-9474-1A3956D46DE8}") = "Presentation", "Presentation", "{1194A262-1D73-4D70-B65E-AB276560ECAC}"
EndProject
Global
	GlobalSection(SolutionConfigurationPlatforms) = preSolution
		Debug|Any CPU = Debug|Any CPU
		Release|Any CPU = Release|Any CPU
	EndGlobalSection
	GlobalSection(ProjectConfigurationPlatforms) = postSolution
		{302634E0-463E-42B2-90EF-E47253D69DAF}.Debug|Any CPU.ActiveCfg = Debug|Any CPU
		{302634E0-463E-42B2-90EF-E47253D69DAF}.Debug|Any CPU.Build.0 = Debug|Any CPU
		{302634E0-463E-42B2-90EF-E47253D69DAF}.Release|Any CPU.ActiveCfg = Release|Any CPU
		{302634E0-463E-42B2-90EF-E47253D69DAF}.Release|Any CPU.Build.0 = Release|Any CPU
		{C8F2A93E-991B-447F-A5C0-72E179F3E98E}.Debug|Any CPU.ActiveCfg = Debug|Any CPU
		{C8F2A93E-991B-447F-A5C0-72E179F3E98E}.Debug|Any CPU.Build.0 = Debug|Any CPU
		{C8F2A93E-991B-447F-A5C0-72E179F3E98E}.Release|Any CPU.ActiveCfg = Release|Any CPU
		{C8F2A93E-991B-447F-A5C0-72E179F3E98E}.Release|Any CPU.Build.0 = Release|Any CPU
		{0FC5530A-A960-4C37-A990-31582625666F}.Debug|Any CPU.ActiveCfg = Debug|Any CPU
		{0FC5530A-A960-4C37-A990-31582625666F}.Debug|Any CPU.Build.0 = Debug|Any CPU
		{0FC5530A-A960-4C37-A990-31582625666F}.Release|Any CPU.ActiveCfg = Release|Any CPU
		{0FC5530A-A960-4C37-A990-31582625666F}.Release|Any CPU.Build.0 = Release|Any CPU
		{5BD20D4E-BCDF-426E-A737-9AED9DB0A85A}.Debug|Any CPU.ActiveCfg = Debug|Any CPU
		{5BD20D4E-BCDF-426E-A737-9AED9DB0A85A}.Debug|Any CPU.Build.0 = Debug|Any CPU
		{5BD20D4E-BCDF-426E-A737-9AED9DB0A85A}.Debug|Any CPU.Deploy.0 = Debug|Any CPU
		{5BD20D4E-BCDF-426E-A737-9AED9DB0A85A}.Release|Any CPU.ActiveCfg = Release|Any CPU
		{5BD20D4E-BCDF-426E-A737-9AED9DB0A85A}.Release|Any CPU.Build.0 = Release|Any CPU
		{5BD20D4E-BCDF-426E-A737-9AED9DB0A85A}.Release|Any CPU.Deploy.0 = Release|Any CPU
		{DE78D970-67A0-43B8-9F16-174759D133AD}.Debug|Any CPU.ActiveCfg = Debug|Any CPU
		{DE78D970-67A0-43B8-9F16-174759D133AD}.Debug|Any CPU.Build.0 = Debug|Any CPU
		{DE78D970-67A0-43B8-9F16-174759D133AD}.Release|Any CPU.ActiveCfg = Release|Any CPU
		{DE78D970-67A0-43B8-9F16-174759D133AD}.Release|Any CPU.Build.0 = Release|Any CPU
	EndGlobalSection
	GlobalSection(SolutionProperties) = preSolution
		HideSolutionNode = FALSE
	EndGlobalSection
	GlobalSection(NestedProjects) = preSolution
		{302634E0-463E-42B2-90EF-E47253D69DAF} = {79E3386A-3093-473A-8EB9-818C3223B9B4}
		{C8F2A93E-991B-447F-A5C0-72E179F3E98E} = {71D40E15-6BFE-49E4-8A37-8CD541BB77DE}
		{0FC5530A-A960-4C37-A990-31582625666F} = {79E3386A-3093-473A-8EB9-818C3223B9B4}
		{5BD20D4E-BCDF-426E-A737-9AED9DB0A85A} = {1194A262-1D73-4D70-B65E-AB276560ECAC}
		{DE78D970-67A0-43B8-9F16-174759D133AD} = {1194A262-1D73-4D70-B65E-AB276560ECAC}
	EndGlobalSection
	GlobalSection(ExtensibilityGlobals) = postSolution
		SolutionGuid = {FDB35F8E-98DF-48A0-B35D-BD35635C9BA9}
	EndGlobalSection
EndGlobal
